{
  "name": "conjurate-example",
  "version": "1.0.0",
  "lockfileVersion": 1,
  "requires": true,
  "dependencies": {
    "conjurate-open-wc": {
      "version": "0.1.0",
      "resolved": "https://registry.npmjs.org/conjurate-open-wc/-/conjurate-open-wc-0.1.0.tgz",
      "integrity": "sha512-HYYAtfpo9FCeLfLU7W1Koxyh6fpE7QqaKwnjROH36IE0cMJWf47jC9+axJLeUOUk0itxmyEKDAl47OPrhFZyBg==",
      "dev": true
    }
  }
}
